
Microsoft Visual Studio Solution File, Format Version 12.00
# Visual Studio Version 16
VisualStudioVersion = 16.0.28803.352
MinimumVisualStudioVersion = 10.0.40219.1
Project("{FAE04EC0-301F-11D3-BF4B-00C04F79EFBC}") = "MeshSimplificationComparer", "MeshSimplificationComparer.csproj", "{B41CE020-87B3-44E7-A3CB-A36E04A30307}"
EndProject
Global
	GlobalSection(SolutionConfigurationPlatforms) = preSolution
		Debug|Any CPU = Debug|Any CPU
		Release|Any CPU = Release|Any CPU
	EndGlobalSection
	GlobalSection(ProjectConfigurationPlatforms) = postSolution
		{B41CE020-87B3-44E7-A3CB-A36E04A30307}.Debug|Any CPU.ActiveCfg = Debug|Any CPU
		{B41CE020-87B3-44E7-A3CB-A36E04A30307}.Debug|Any CPU.Build.0 = Debug|Any CPU
		{B41CE020-87B3-44E7-A3CB-A36E04A30307}.Release|Any CPU.ActiveCfg = Release|Any CPU
		{B41CE020-87B3-44E7-A3CB-A36E04A30307}.Release|Any CPU.Build.0 = Release|Any CPU
	EndGlobalSection
	GlobalSection(SolutionProperties) = preSolution
		HideSolutionNode = FALSE
	EndGlobalSection
	GlobalSection(ExtensibilityGlobals) = postSolution
		SolutionGuid = {FB9A2C3E-598D-4060-B68E-A55246506510}
	EndGlobalSection
EndGlobal
